// !$*UTF8*$!
{
	archiveVersion = 1;
	classes = {
	};
	objectVersion = 50;
	objects = {

/* Begin PBXBuildFile section */
		BE21B1C52C1AFACB0070928C /* AppDelegate.swift in Sources */ = {isa = PBXBuildFile; fileRef = BE21B1C42C1AFACB0070928C /* AppDelegate.swift */; };
		BE21B1C72C1AFACB0070928C /* SceneDelegate.swift in Sources */ = {isa = PBXBuildFile; fileRef = BE21B1C62C1AFACB0070928C /* SceneDelegate.swift */; };
		BE21B1C92C1AFACB0070928C /* ViewController.swift in Sources */ = {isa = PBXBuildFile; fileRef = BE21B1C82C1AFACB0070928C /* ViewController.swift */; };
		BE21B1CC2C1AFACB0070928C /* Main.storyboard in Resources */ = {isa = PBXBuildFile; fileRef = BE21B1CA2C1AFACB0070928C /* Main.storyboard */; };
		BE21B1CE2C1AFACC0070928C /* Assets.xcassets in Resources */ = {isa = PBXBuildFile; fileRef = BE21B1CD2C1AFACC0070928C /* Assets.xcassets */; };
		BE21B1D12C1AFACC0070928C /* LaunchScreen.storyboard in Resources */ = {isa = PBXBuildFile; fileRef = BE21B1CF2C1AFACC0070928C /* LaunchScreen.storyboard */; };
/* End PBXBuildFile section */

/* Begin PBXFileReference section */
		BE21B1C12C1AFACB0070928C /* Project 13.app */ = {isa = PBXFileReference; explicitFileType = wrapper.application; includeInIndex = 0; path = "Project 13.app"; sourceTree = BUILT_PRODUCTS_DIR; };
		BE21B1C42C1AFACB0070928C /* AppDelegate.swift */ = {isa = PBXFileReference; lastKnownFileType = sourcecode.swift; path = AppDelegate.swift; sourceTree = "<group>"; };
		BE21B1C62C1AFACB0070928C /* SceneDelegate.swift */ = {isa = PBXFileReference; lastKnownFileType = sourcecode.swift; path = SceneDelegate.swift; sourceTree = "<group>"; };
		BE21B1C82C1AFACB0070928C /* ViewController.swift */ = {isa = PBXFileReference; lastKnownFileType = sourcecode.swift; path = ViewController.swift; sourceTree = "<group>"; };
		BE21B1CB2C1AFACB0070928C /* Base */ = {isa = PBXFileReference; lastKnownFileType = file.storyboard; name = Base; path = Base.lproj/Main.storyboard; sourceTree = "<group>"; };
		BE21B1CD2C1AFACC0070928C /* Assets.xcassets */ = {isa = PBXFileReference; lastKnownFileType = folder.assetcatalog; path = Assets.xcassets; sourceTree = "<group>"; };
		BE21B1D02C1AFACC0070928C /* Base */ = {isa = PBXFileReference; lastKnownFileType = file.storyboard; name = Base; path = Base.lproj/LaunchScreen.storyboard; sourceTree = "<group>"; };
		BE21B1D22C1AFACC0070928C /* Info.plist */ = {isa = PBXFileReference; lastKnownFileType = text.plist.xml; path = Info.plist; sourceTree = "<group>"; };
/* End PBXFileReference section */

/* Begin PBXFrameworksBuildPhase section */
		BE21B1BE2C1AFACB0070928C /* Frameworks */ = {
			isa = PBXFrameworksBuildPhase;
			buildActionMask = 2147483647;
			files = (
			);
			runOnlyForDeploymentPostprocessing = 0;
		};
/* End PBXFrameworksBuildPhase section */

/* Begin PBXGroup section */
		BE21B1B82C1AFACB0070928C = {
			isa = PBXGroup;
			children = (
				BE21B1C32C1AFACB0070928C /* Project 13 */,
				BE21B1C22C1AFACB0070928C /* Products */,
			);
			sourceTree = "<group>";
		};
		BE21B1C22C1AFACB0070928C /* Products */ = {
			isa = PBXGroup;
			children = (
				BE21B1C12C1AFACB0070928C /* Project 13.app */,
			);
			name = Products;
			sourceTree = "<group>";
		};
		BE21B1C32C1AFACB0070928C /* Project 13 */ = {
			isa = PBXGroup;
			children = (
				BE21B1C42C1AFACB0070928C /* AppDelegate.swift */,
				BE21B1C62C1AFACB0070928C /* SceneDelegate.swift */,
				BE21B1C82C1AFACB0070928C /* ViewController.swift */,
				BE21B1CA2C1AFACB0070928C /* Main.storyboard */,
				BE21B1CD2C1AFACC0070928C /* Assets.xcassets */,
				BE21B1CF2C1AFACC0070928C /* LaunchScreen.storyboard */,
				BE21B1D22C1AFACC0070928C /* Info.plist */,
			);
			path = "Project 13";
			sourceTree = "<group>";
		};
/* End PBXGroup section */

/* Begin PBXNativeTarget section */
		BE21B1C02C1AFACB0070928C /* Project 13 */ = {
			isa = PBXNativeTarget;
			buildConfigurationList = BE21B1D52C1AFACC0070928C /* Build configuration list for PBXNativeTarget "Project 13" */;
			buildPhases = (
				BE21B1BD2C1AFACB0070928C /* Sources */,
				BE21B1BE2C1AFACB0070928C /* Frameworks */,
				BE21B1BF2C1AFACB0070928C /* Resources */,
			);
			buildRules = (
			);
			dependencies = (
			);
			name = "Project 13";
			productName = "Project 13";
			productReference = BE21B1C12C1AFACB0070928C /* Project 13.app */;
			productType = "com.apple.product-type.application";
		};
/* End PBXNativeTarget section */

/* Begin PBXProject section */
		BE21B1B92C1AFACB0070928C /* Project object */ = {
			isa = PBXProject;
			attributes = {
				LastSwiftUpdateCheck = 1240;
				LastUpgradeCheck = 1240;
				TargetAttributes = {
					BE21B1C02C1AFACB0070928C = {
						CreatedOnToolsVersion = 12.4;
					};
				};
			};
			buildConfigurationList = BE21B1BC2C1AFACB0070928C /* Build configuration list for PBXProject "Project 13" */;
			compatibilityVersion = "Xcode 9.3";
			developmentRegion = en;
			hasScannedForEncodings = 0;
			knownRegions = (
				en,
				Base,
			);
			mainGroup = BE21B1B82C1AFACB0070928C;
			productRefGroup = BE21B1C22C1AFACB0070928C /* Products */;
			projectDirPath = "";
			projectRoot = "";
			targets = (
				BE21B1C02C1AFACB0070928C /* Project 13 */,
			);
		};
/* End PBXProject section */

/* Begin PBXResourcesBuildPhase section */
		BE21B1BF2C1AFACB0070928C /* Resources */ = {
			isa = PBXResourcesBuildPhase;
			buildActionMask = 2147483647;
			files = (
				BE21B1D12C1AFACC0070928C /* LaunchScreen.storyboard in Resources */,
				BE21B1CE2C1AFACC0070928C /* Assets.xcassets in Resources */,
				BE21B1CC2C1AFACB0070928C /* Main.storyboard in Resources */,
			);
			runOnlyForDeploymentPostprocessing = 0;
		};
/* End PBXResourcesBuildPhase section */

/* Begin PBXSourcesBuildPhase section */
		BE21B1BD2C1AFACB0070928C /* Sources */ = {
			isa = PBXSourcesBuildPhase;
			buildActionMask = 2147483647;
			files = (
				BE21B1C92C1AFACB0070928C /* ViewController.swift in Sources */,
				BE21B1C52C1AFACB0070928C /* AppDelegate.swift in Sources */,
				BE21B1C72C1AFACB0070928C /* SceneDelegate.swift in Sources */,
			);
			runOnlyForDeploymentPostprocessing = 0;
		};
/* End PBXSourcesBuildPhase section */

/* Begin PBXVariantGroup section */
		BE21B1CA2C1AFACB0070928C /* Main.storyboard */ = {
			isa = PBXVariantGroup;
			children = (
				BE21B1CB2C1AFACB0070928C /* Base */,
			);
			name = Main.storyboard;
			sourceTree = "<group>";
		};
		BE21B1CF2C1AFACC0070928C /* LaunchScreen.storyboard */ = {
			isa = PBXVariantGroup;
			children = (
				BE21B1D02C1AFACC0070928C /* Base */,
			);
			name = LaunchScreen.storyboard;
			sourceTree = "<group>";
		};
/* End PBXVariantGroup section */

/* Begin XCBuildConfiguration section */
		BE21B1D32C1AFACC0070928C /* Debug */ = {
			isa = XCBuildConfiguration;
			buildSettings = {
				ALWAYS_SEARCH_USER_PATHS = NO;
				CLANG_ANALYZER_NONNULL = YES;
				CLANG_ANALYZER_NUMBER_OBJECT_CONVERSION = YES_AGGRESSIVE;
				CLANG_CXX_LANGUAGE_STANDARD = "gnu++14";
				CLANG_CXX_LIBRARY = "libc++";
				CLANG_ENABLE_MODULES = YES;
				CLANG_ENABLE_OBJC_ARC = YES;
				CLANG_ENABLE_OBJC_WEAK = YES;
				CLANG_WARN_BLOCK_CAPTURE_AUTORELEASING = YES;
				CLANG_WARN_BOOL_CONVERSION = YES;
				CLANG_WARN_COMMA = YES;
				CLANG_WARN_CONSTANT_CONVERSION = YES;
				CLANG_WARN_DEPRECATED_OBJC_IMPLEMENTATIONS = YES;
				CLANG_WARN_DIRECT_OBJC_ISA_USAGE = YES_ERROR;
				CLANG_WARN_DOCUMENTATION_COMMENTS = YES;
				CLANG_WARN_EMPTY_BODY = YES;
				CLANG_WARN_ENUM_CONVERSION = YES;
				CLANG_WARN_INFINITE_RECURSION = YES;
				CLANG_WARN_INT_CONVERSION = YES;
				CLANG_WARN_NON_LITERAL_NULL_CONVERSION = YES;
				CLANG_WARN_OBJC_IMPLICIT_RETAIN_SELF = YES;
				CLANG_WARN_OBJC_LITERAL_CONVERSION = YES;
				CLANG_WARN_OBJC_ROOT_CLASS = YES_ERROR;
				CLANG_WARN_QUOTED_INCLUDE_IN_FRAMEWORK_HEADER = YES;
				CLANG_WARN_RANGE_LOOP_ANALYSIS = YES;
				CLANG_WARN_STRICT_PROTOTYPES = YES;
				CLANG_WARN_SUSPICIOUS_MOVE = YES;
				CLANG_WARN_UNGUARDED_AVAILABILITY = YES_AGGRESSIVE;
				CLANG_WARN_UNREACHABLE_CODE = YES;
				CLANG_WARN__DUPLICATE_METHOD_MATCH = YES;
				COPY_PHASE_STRIP = NO;
				DEBUG_INFORMATION_FORMAT = dwarf;
				ENABLE_STRICT_OBJC_MSGSEND = YES;
				ENABLE_TESTABILITY = YES;
				GCC_C_LANGUAGE_STANDARD = gnu11;
				GCC_DYNAMIC_NO_PIC = NO;
				GCC_NO_COMMON_BLOCKS = YES;
				GCC_OPTIMIZATION_LEVEL = 0;
				GCC_PREPROCESSOR_DEFINITIONS = (
					"DEBUG=1",
					"$(inherited)",
				);
				GCC_WARN_64_TO_32_BIT_CONVERSION = YES;
				GCC_WARN_ABOUT_RETURN_TYPE = YES_ERROR;
				GCC_WARN_UNDECLARED_SELECTOR = YES;
				GCC_WARN_UNINITIALIZED_AUTOS = YES_AGGRESSIVE;
				GCC_WARN_UNUSED_FUNCTION = YES;
				GCC_WARN_UNUSED_VARIABLE = YES;
				IPHONEOS_DEPLOYMENT_TARGET = 14.4;
				MTL_ENABLE_DEBUG_INFO = INCLUDE_SOURCE;
				MTL_FAST_MATH = YES;
				ONLY_ACTIVE_ARCH = YES;
				SDKROOT = iphoneos;
				SWIFT_ACTIVE_COMPILATION_CONDITIONS = DEBUG;
				SWIFT_OPTIMIZATION_LEVEL = "-Onone";
			};
			name = Debug;
		};
		BE21B1D42C1AFACC0070928C /* Release */ = {
			isa = XCBuildConfiguration;
			buildSettings = {
				ALWAYS_SEARCH_USER_PATHS = NO;
				CLANG_ANALYZER_NONNULL = YES;
				CLANG_ANALYZER_NUMBER_OBJECT_CONVERSION = YES_AGGRESSIVE;
				CLANG_CXX_LANGUAGE_STANDARD = "gnu++14";
				CLANG_CXX_LIBRARY = "libc++";
				CLANG_ENABLE_MODULES = YES;
				CLANG_ENABLE_OBJC_ARC = YES;
				CLANG_ENABLE_OBJC_WEAK = YES;
				CLANG_WARN_BLOCK_CAPTURE_AUTORELEASING = YES;
				CLANG_WARN_BOOL_CONVERSION = YES;
				CLANG_WARN_COMMA = YES;
				CLANG_WARN_CONSTANT_CONVERSION = YES;
				CLANG_WARN_DEPRECATED_OBJC_IMPLEMENTATIONS = YES;
				CLANG_WARN_DIRECT_OBJC_ISA_USAGE = YES_ERROR;
				CLANG_WARN_DOCUMENTATION_COMMENTS = YES;
				CLANG_WARN_EMPTY_BODY = YES;
				CLANG_WARN_ENUM_CONVERSION = YES;
				CLANG_WARN_INFINITE_RECURSION = YES;
				CLANG_WARN_INT_CONVERSION = YES;
				CLANG_WARN_NON_LITERAL_NULL_CONVERSION = YES;
				CLANG_WARN_OBJC_IMPLICIT_RETAIN_SELF = YES;
				CLANG_WARN_OBJC_LITERAL_CONVERSION = YES;
				CLANG_WARN_OBJC_ROOT_CLASS = YES_ERROR;
				CLANG_WARN_QUOTED_INCLUDE_IN_FRAMEWORK_HEADER = YES;
				CLANG_WARN_RANGE_LOOP_ANALYSIS = YES;
				CLANG_WARN_STRICT_PROTOTYPES = YES;
				CLANG_WARN_SUSPICIOUS_MOVE = YES;
				CLANG_WARN_UNGUARDED_AVAILABILITY = YES_AGGRESSIVE;
				CLANG_WARN_UNREACHABLE_CODE = YES;
				CLANG_WARN__DUPLICATE_METHOD_MATCH = YES;
				COPY_PHASE_STRIP = NO;
				DEBUG_INFORMATION_FORMAT = "dwarf-with-dsym";
				ENABLE_NS_ASSERTIONS = NO;
				ENABLE_STRICT_OBJC_MSGSEND = YES;
				GCC_C_LANGUAGE_STANDARD = gnu11;
				GCC_NO_COMMON_BLOCKS = YES;
				GCC_WARN_64_TO_32_BIT_CONVERSION = YES;
				GCC_WARN_ABOUT_RETURN_TYPE = YES_ERROR;
				GCC_WARN_UNDECLARED_SELECTOR = YES;
				GCC_WARN_UNINITIALIZED_AUTOS = YES_AGGRESSIVE;
				GCC_WARN_UNUSED_FUNCTION = YES;
				GCC_WARN_UNUSED_VARIABLE = YES;
				IPHONEOS_DEPLOYMENT_TARGET = 14.4;
				MTL_ENABLE_DEBUG_INFO = NO;
				MTL_FAST_MATH = YES;
				SDKROOT = iphoneos;
				SWIFT_COMPILATION_MODE = wholemodule;
				SWIFT_OPTIMIZATION_LEVEL = "-O";
				VALIDATE_PRODUCT = YES;
			};
			name = Release;
		};
		BE21B1D62C1AFACC0070928C /* Debug */ = {
			isa = XCBuildConfiguration;
			buildSettings = {
				ASSETCATALOG_COMPILER_APPICON_NAME = AppIcon;
				ASSETCATALOG_COMPILER_GLOBAL_ACCENT_COLOR_NAME = AccentColor;
				CODE_SIGN_STYLE = Automatic;
				INFOPLIST_FILE = "Project 13/Info.plist";
				LD_RUNPATH_SEARCH_PATHS = (
					"$(inherited)",
					"@executable_path/Frameworks",
				);
				PRODUCT_BUNDLE_IDENTIFIER = "SurajMeghwar.Project-13";
				PRODUCT_NAME = "$(TARGET_NAME)";
				SWIFT_VERSION = 5.0;
				TARGETED_DEVICE_FAMILY = "1,2";
			};
			name = Debug;
		};
		BE21B1D72C1AFACC0070928C /* Release */ = {
			isa = XCBuildConfiguration;
			buildSettings = {
				ASSETCATALOG_COMPILER_APPICON_NAME = AppIcon;
				ASSETCATALOG_COMPILER_GLOBAL_ACCENT_COLOR_NAME = AccentColor;
				CODE_SIGN_STYLE = Automatic;
				INFOPLIST_FILE = "Project 13/Info.plist";
				LD_RUNPATH_SEARCH_PATHS = (
					"$(inherited)",
					"@executable_path/Frameworks",
				);
				PRODUCT_BUNDLE_IDENTIFIER = "SurajMeghwar.Project-13";
				PRODUCT_NAME = "$(TARGET_NAME)";
				SWIFT_VERSION = 5.0;
				TARGETED_DEVICE_FAMILY = "1,2";
			};
			name = Release;
		};
/* End XCBuildConfiguration section */

/* Begin XCConfigurationList section */
		BE21B1BC2C1AFACB0070928C /* Build configuration list for PBXProject "Project 13" */ = {
			isa = XCConfigurationList;
			buildConfigurations = (
				BE21B1D32C1AFACC0070928C /* Debug */,
				BE21B1D42C1AFACC0070928C /* Release */,
			);
			defaultConfigurationIsVisible = 0;
			defaultConfigurationName = Release;
		};
		BE21B1D52C1AFACC0070928C /* Build configuration list for PBXNativeTarget "Project 13" */ = {
			isa = XCConfigurationList;
			buildConfigurations = (
				BE21B1D62C1AFACC0070928C /* Debug */,
				BE21B1D72C1AFACC0070928C /* Release */,
			);
			defaultConfigurationIsVisible = 0;
			defaultConfigurationName = Release;
		};
/* End XCConfigurationList section */
	};
	rootObject = BE21B1B92C1AFACB0070928C /* Project object */;
}
